# THIS IS AN AUTOGENERATED FILE. DO NOT EDIT THIS FILE DIRECTLY.
# yarn lockfile v1


"@tanstack/query-core@4.8.0":
  version "4.8.0"
  resolved "https://registry.npmjs.org/@tanstack/query-core/-/query-core-4.8.0.tgz#8a7d0a0495c92ab82a49de5c4393dc7b40080d66"
  integrity sha512-PVcSqAWboFA86eNgtHTOjfHjBkNuFGAM6kPH82p1ibx1R76f7EjedZ+LZi4ZnW4ppoSl/+hUtCgWsiNQ2ViLTw==

"@tanstack/react-query@^4.8.0":
  version "4.8.0"
  resolved "https://registry.npmjs.org/@tanstack/react-query/-/react-query-4.8.0.tgz#30dbbb9efeb28c66a40ef0bf68b89952dce66ed2"
  integrity sha512-e3QzL/S8XeA5MYqOUUABet4oZDBc1MbeUIo32r0cxEDoDJS+9oqx0az9AbBxacZ7SjM/Fy4u/eXQFBjsKGFQ6A==
  dependencies:
    "@tanstack/query-core" "4.8.0"
    use-sync-external-store "^1.2.0"

"@trpc/client@10.0.0-alpha-refactor-root-config-2022-10-08-01-50-12.37+f970bf99":
  version "10.0.0-alpha-refactor-root-config-2022-10-08-01-50-12.37"
  resolved "https://registry.npmjs.org/@trpc/client/-/client-10.0.0-alpha-refactor-root-config-2022-10-08-01-50-12.37.tgz#5ca9a4416c1c091e41a555ae6e762a7362bb9e30"
  integrity sha512-Pj14l6jo5QEXiRK1MN5SYb4VRKH1G9Z3UmDrWfr7ZkabYxRRsl9bbogtDgnByBdLMP/FjiiYuRkbYR5UBsYUog==

"@trpc/next@10.0.0-alpha-refactor-root-config-2022-10-08-01-50-12.37+f970bf99":
  version "10.0.0-alpha-refactor-root-config-2022-10-08-01-50-12.37"
  resolved "https://registry.npmjs.org/@trpc/next/-/next-10.0.0-alpha-refactor-root-config-2022-10-08-01-50-12.37.tgz#941bd5af02499a8388b73b6695b8b185106c44ec"
  integrity sha512-ObII/0rL2xpz/FXHjtX/U2/a2E8w6dH9Tx+HVIBZ2MMtmSyflBcq5q8wx84Aw+Z3xlV6NbOpQKAQK14i2eEOFg==
  dependencies:
    react-ssr-prepass "^1.5.0"

"@trpc/react@10.0.0-alpha-refactor-root-config-2022-10-08-01-50-12.37+f970bf99":
  version "10.0.0-alpha-refactor-root-config-2022-10-08-01-50-12.37"
  resolved "https://registry.npmjs.org/@trpc/react/-/react-10.0.0-alpha-refactor-root-config-2022-10-08-01-50-12.37.tgz#ae5b1ec01e528bd52fc4abf3f22e2f39a00e22fc"
  integrity sha512-wzZwuh0yBJ9MGk9/TpsBdSBAvHSe4o1T2CD09iOTdyxDajneoVJLXZklDevpkJVeAFNQb9L+MWB4jCjg1PDPUQ==

"@trpc/server@10.0.0-alpha-refactor-root-config-2022-10-08-01-50-12.37+f970bf99":
  version "10.0.0-alpha-refactor-root-config-2022-10-08-01-50-12.37"
  resolved "https://registry.npmjs.org/@trpc/server/-/server-10.0.0-alpha-refactor-root-config-2022-10-08-01-50-12.37.tgz#d08848b581d2d297df2a24a142f6183c11c88fef"
  integrity sha512-D+bE4x6Og87Zr+MqgF9P/FACuj6UG+JepKm8unCaiFU6U5UNa35ojQKLn/yQiG9rNIjyg/ZBYnOSkCTXUZ04yg==

"@types/node@^18.7.11":
  version "18.7.18"
  resolved "https://registry.npmjs.org/@types/node/-/node-18.7.18.tgz#633184f55c322e4fb08612307c274ee6d5ed3154"
  integrity sha512-m+6nTEOadJZuTPkKR/SYK3A2d7FZrgElol9UP1Kae90VVU4a6mxnPuLiIW1m4Cq4gZ/nWb9GrdVXJCoCazDAbg==

"@types/prop-types@*":
  version "15.7.5"
  resolved "https://registry.npmjs.org/@types/prop-types/-/prop-types-15.7.5.tgz#5f19d2b85a98e9558036f6a3cacc8819420f05cf"
  integrity sha512-JCB8C6SnDoQf0cNycqd/35A7MjcnK+ZTqE7judS6o7utxUCg6imJg3QK2qzHKszlTjcj2cn+NwMB2i96ubpj7w==

"@types/react-dom@^18.0.5":
  version "18.0.6"
  resolved "https://registry.npmjs.org/@types/react-dom/-/react-dom-18.0.6.tgz#36652900024842b74607a17786b6662dd1e103a1"
  integrity sha512-/5OFZgfIPSwy+YuIBP/FgJnQnsxhZhjjrnxudMddeblOouIodEQ75X14Rr4wGSG/bknL+Omy9iWlLo1u/9GzAA==
  dependencies:
    "@types/react" "*"

"@types/react@*", "@types/react@^18.0.9":
  version "18.0.21"
  resolved "https://registry.npmjs.org/@types/react/-/react-18.0.21.tgz#b8209e9626bb00a34c76f55482697edd2b43cc67"
  integrity sha512-7QUCOxvFgnD5Jk8ZKlUAhVcRj7GuJRjnjjiY/IUBWKgOlnvDvTMLD4RTF7NPyVmbRhNrbomZiOepg7M/2Kj1mA==
  dependencies:
    "@types/prop-types" "*"
    "@types/scheduler" "*"
    csstype "^3.0.2"

"@types/scheduler@*":
  version "0.16.2"
  resolved "https://registry.npmjs.org/@types/scheduler/-/scheduler-0.16.2.tgz#1a62f89525723dde24ba1b01b092bf5df8ad4d39"
  integrity sha512-hppQEBDmlwhFAXKJX2KnWLYu5yMfi91yazPb2l+lbJiwW+wdo1gNeRA+3RgNSO39WYX2euey41KEwnqesU2Jew==

csstype@^3.0.2:
  version "3.1.1"
  resolved "https://registry.npmjs.org/csstype/-/csstype-3.1.1.tgz#841b532c45c758ee546a11d5bd7b7b473c8c30b9"
  integrity sha512-DJR/VvkAvSZW9bTouZue2sSxDwdTN92uHjqeKVm+0dAqdfNykRzQ95tay8aXMBAAPpUiq4Qcug2L7neoRh2Egw==

react-ssr-prepass@^1.5.0:
  version "1.5.0"
  resolved "https://registry.npmjs.org/react-ssr-prepass/-/react-ssr-prepass-1.5.0.tgz#bc4ca7fcb52365e6aea11cc254a3d1bdcbd030c5"
  integrity sha512-yFNHrlVEReVYKsLI5lF05tZoHveA5pGzjFbFJY/3pOqqjGOmMmqx83N4hIjN2n6E1AOa+eQEUxs3CgRnPmT0RQ==

typescript@4.7.4:
  version "4.7.4"
  resolved "https://registry.npmjs.org/typescript/-/typescript-4.7.4.tgz#1a88596d1cf47d59507a1bcdfb5b9dfe4d488235"
  integrity sha512-C0WQT0gezHuw6AdY1M2jxUO83Rjf0HP7Sk1DtXj6j1EwkQNZrHAg2XPWlq62oqEhYvONq5pkC2Y9oPljWToLmQ==

use-sync-external-store@^1.2.0:
  version "1.2.0"
  resolved "https://registry.npmjs.org/use-sync-external-store/-/use-sync-external-store-1.2.0.tgz#7dbefd6ef3fe4e767a0cf5d7287aacfb5846928a"
  integrity sha512-eEgnFxGQ1Ife9bzYs6VLi8/4X6CObHMw9Qr9tPY43iKwsPw8xE8+EFsf/2cFZ5S3esXgpWgtSCtLNS41F+sKPA==

zod@^3.19.1:
  version "3.19.1"
  resolved "https://registry.npmjs.org/zod/-/zod-3.19.1.tgz#112f074a97b50bfc4772d4ad1576814bd8ac4473"
  integrity sha512-LYjZsEDhCdYET9ikFu6dVPGp2YH9DegXjdJToSzD9rO6fy4qiRYFoyEYwps88OseJlPyl2NOe2iJuhEhL7IpEA==
