# THIS IS AN AUTOGENERATED FILE. DO NOT EDIT THIS FILE DIRECTLY.
# yarn lockfile v1


"@swc/helpers@^0.4.11":
  version "0.4.11"
  resolved "https://registry.npmjs.org/@swc/helpers/-/helpers-0.4.11.tgz#db23a376761b3d31c26502122f349a21b592c8de"
  integrity sha512-rEUrBSGIoSFuYxwBYtlUFMlE2CwGhmW+w9355/5oduSw8e5h2+Tj4UrAGNNgP9915++wj5vkQo0UuOBqOAq4nw==
  dependencies:
    tslib "^2.4.0"

"@tanstack/query-core@4.8.0":
  version "4.8.0"
  resolved "https://registry.npmjs.org/@tanstack/query-core/-/query-core-4.8.0.tgz#8a7d0a0495c92ab82a49de5c4393dc7b40080d66"
  integrity sha512-PVcSqAWboFA86eNgtHTOjfHjBkNuFGAM6kPH82p1ibx1R76f7EjedZ+LZi4ZnW4ppoSl/+hUtCgWsiNQ2ViLTw==

"@tanstack/react-query@^4.8.0":
  version "4.8.0"
  resolved "https://registry.npmjs.org/@tanstack/react-query/-/react-query-4.8.0.tgz#30dbbb9efeb28c66a40ef0bf68b89952dce66ed2"
  integrity sha512-e3QzL/S8XeA5MYqOUUABet4oZDBc1MbeUIo32r0cxEDoDJS+9oqx0az9AbBxacZ7SjM/Fy4u/eXQFBjsKGFQ6A==
  dependencies:
    "@tanstack/query-core" "4.8.0"
    use-sync-external-store "^1.2.0"

"@trpc/client@^10.0.0-proxy-beta.13":
  version "10.0.0-proxy-beta.13"
  resolved "https://registry.npmjs.org/@trpc/client/-/client-10.0.0-proxy-beta.13.tgz#f951879834e3258c177472b4687e5718eb0146cc"
  integrity sha512-GM0X7OPftU3AQ+ZncuVcUPjmOM7wh76bENgkEfY5phhvnY0FCPhpHVtBhVff75lnENRf2RdIU04G0G3wwKRLmQ==

"@trpc/next@^10.0.0-proxy-beta.13":
  version "10.0.0-proxy-beta.13"
  resolved "https://registry.npmjs.org/@trpc/next/-/next-10.0.0-proxy-beta.13.tgz#d8c0088de3998e5ab01cf1daf96fd1f870aa280a"
  integrity sha512-Zf3neIVwUx0LxOr/NvFd8Y/7HLvqhcrbwK0ZG++n9iQGt3G/O66xnRq6bSp3ZEe4F+PvZ3RCUhK9oDpSLB96iA==
  dependencies:
    "@swc/helpers" "^0.4.11"
    react-ssr-prepass "^1.5.0"

"@trpc/react@^10.0.0-proxy-beta.13":
  version "10.0.0-proxy-beta.13"
  resolved "https://registry.npmjs.org/@trpc/react/-/react-10.0.0-proxy-beta.13.tgz#96572b0f6162292430297689857bdc34feec3715"
  integrity sha512-7W+hJoD50Tt23QuI5IlCGjRuDo5pF2vHC4qEcM/vG5+1r4nUFBVUDBtQ+p1b7KVlqgUbJFBR+7zmVEQIpO1umg==

"@trpc/server@^10.0.0-proxy-beta.13":
  version "10.0.0-proxy-beta.13"
  resolved "https://registry.npmjs.org/@trpc/server/-/server-10.0.0-proxy-beta.13.tgz#a7ecd28b1b8c0c4f428af62fbd0290fb906665d2"
  integrity sha512-m3VCl3Boiwb7mqnbx6tLdYMyemccr5AgYY3NORnuXHnJpGOykmh5Fe6nq6x6efinuSXsUEipSD63oJmV4v1guw==

"@types/node@^18.7.11":
  version "18.7.18"
  resolved "https://registry.npmjs.org/@types/node/-/node-18.7.18.tgz#633184f55c322e4fb08612307c274ee6d5ed3154"
  integrity sha512-m+6nTEOadJZuTPkKR/SYK3A2d7FZrgElol9UP1Kae90VVU4a6mxnPuLiIW1m4Cq4gZ/nWb9GrdVXJCoCazDAbg==

"@types/prop-types@*":
  version "15.7.5"
  resolved "https://registry.npmjs.org/@types/prop-types/-/prop-types-15.7.5.tgz#5f19d2b85a98e9558036f6a3cacc8819420f05cf"
  integrity sha512-JCB8C6SnDoQf0cNycqd/35A7MjcnK+ZTqE7judS6o7utxUCg6imJg3QK2qzHKszlTjcj2cn+NwMB2i96ubpj7w==

"@types/react-dom@^18.0.5":
  version "18.0.6"
  resolved "https://registry.npmjs.org/@types/react-dom/-/react-dom-18.0.6.tgz#36652900024842b74607a17786b6662dd1e103a1"
  integrity sha512-/5OFZgfIPSwy+YuIBP/FgJnQnsxhZhjjrnxudMddeblOouIodEQ75X14Rr4wGSG/bknL+Omy9iWlLo1u/9GzAA==
  dependencies:
    "@types/react" "*"

"@types/react@*", "@types/react@^18.0.9":
  version "18.0.21"
  resolved "https://registry.npmjs.org/@types/react/-/react-18.0.21.tgz#b8209e9626bb00a34c76f55482697edd2b43cc67"
  integrity sha512-7QUCOxvFgnD5Jk8ZKlUAhVcRj7GuJRjnjjiY/IUBWKgOlnvDvTMLD4RTF7NPyVmbRhNrbomZiOepg7M/2Kj1mA==
  dependencies:
    "@types/prop-types" "*"
    "@types/scheduler" "*"
    csstype "^3.0.2"

"@types/scheduler@*":
  version "0.16.2"
  resolved "https://registry.npmjs.org/@types/scheduler/-/scheduler-0.16.2.tgz#1a62f89525723dde24ba1b01b092bf5df8ad4d39"
  integrity sha512-hppQEBDmlwhFAXKJX2KnWLYu5yMfi91yazPb2l+lbJiwW+wdo1gNeRA+3RgNSO39WYX2euey41KEwnqesU2Jew==

csstype@^3.0.2:
  version "3.1.1"
  resolved "https://registry.npmjs.org/csstype/-/csstype-3.1.1.tgz#841b532c45c758ee546a11d5bd7b7b473c8c30b9"
  integrity sha512-DJR/VvkAvSZW9bTouZue2sSxDwdTN92uHjqeKVm+0dAqdfNykRzQ95tay8aXMBAAPpUiq4Qcug2L7neoRh2Egw==

react-ssr-prepass@^1.5.0:
  version "1.5.0"
  resolved "https://registry.npmjs.org/react-ssr-prepass/-/react-ssr-prepass-1.5.0.tgz#bc4ca7fcb52365e6aea11cc254a3d1bdcbd030c5"
  integrity sha512-yFNHrlVEReVYKsLI5lF05tZoHveA5pGzjFbFJY/3pOqqjGOmMmqx83N4hIjN2n6E1AOa+eQEUxs3CgRnPmT0RQ==

tslib@^2.4.0:
  version "2.4.0"
  resolved "https://registry.npmjs.org/tslib/-/tslib-2.4.0.tgz#7cecaa7f073ce680a05847aa77be941098f36dc3"
  integrity sha512-d6xOpEDfsi2CZVlPQzGeux8XMwLT9hssAsaPYExaQMuYskwb+x1x7J371tWlbBdWHroy99KnVB6qIkUbs5X3UQ==

typescript@4.7.4:
  version "4.7.4"
  resolved "https://registry.npmjs.org/typescript/-/typescript-4.7.4.tgz#1a88596d1cf47d59507a1bcdfb5b9dfe4d488235"
  integrity sha512-C0WQT0gezHuw6AdY1M2jxUO83Rjf0HP7Sk1DtXj6j1EwkQNZrHAg2XPWlq62oqEhYvONq5pkC2Y9oPljWToLmQ==

use-sync-external-store@^1.2.0:
  version "1.2.0"
  resolved "https://registry.npmjs.org/use-sync-external-store/-/use-sync-external-store-1.2.0.tgz#7dbefd6ef3fe4e767a0cf5d7287aacfb5846928a"
  integrity sha512-eEgnFxGQ1Ife9bzYs6VLi8/4X6CObHMw9Qr9tPY43iKwsPw8xE8+EFsf/2cFZ5S3esXgpWgtSCtLNS41F+sKPA==

zod@^3.19.1:
  version "3.19.1"
  resolved "https://registry.npmjs.org/zod/-/zod-3.19.1.tgz#112f074a97b50bfc4772d4ad1576814bd8ac4473"
  integrity sha512-LYjZsEDhCdYET9ikFu6dVPGp2YH9DegXjdJToSzD9rO6fy4qiRYFoyEYwps88OseJlPyl2NOe2iJuhEhL7IpEA==
