# THIS IS AN AUTOGENERATED FILE. DO NOT EDIT THIS FILE DIRECTLY.
# yarn lockfile v1


"@tanstack/query-core@4.3.8":
  version "4.3.8"
  resolved "https://registry.npmjs.org/@tanstack/query-core/-/query-core-4.3.8.tgz#d5f07c1d9d4f83f16f0bed7f3b245fa0e557b037"
  integrity sha512-AEUWtCNBIImFZ9tMt/P8V86kIhMHpfoJqAI1auGOLR8Wzeq7Ymiue789PJG0rKYcyViUicBZeHjggMqyEQVMfQ==

"@tanstack/react-query@^4.3.0":
  version "4.3.9"
  resolved "https://registry.npmjs.org/@tanstack/react-query/-/react-query-4.3.9.tgz#13332a1d4dd404baec24c2853883bcb3cc61ea92"
  integrity sha512-odfDW6WiSntCsCh+HFeJtUys3UnVOjfJMhykAtGtYvcklMyyDmCv9BVBt5KlSpbk/qW3kURPFCDapO+BFUlCwg==
  dependencies:
    "@tanstack/query-core" "4.3.8"
    use-sync-external-store "^1.2.0"

"@trpc/client@^10.0.0-proxy-beta.3":
  version "10.0.0-proxy-beta.3"
  resolved "https://registry.npmjs.org/@trpc/client/-/client-10.0.0-proxy-beta.3.tgz#3cff311723e10f1876962f8238e9a7c76b4538bd"
  integrity sha512-fNb9yf6uZYYpTTl5I80W0baDbCK0ZdOij9E2fMLeSNkmarb4QsCCtFXhE3yyJM2j/ZTCaUmWIgBMhX1kccI9WA==

"@trpc/next@^10.0.0-proxy-beta.3":
  version "10.0.0-proxy-beta.3"
  resolved "https://registry.npmjs.org/@trpc/next/-/next-10.0.0-proxy-beta.3.tgz#0e97c0dbeee6b60f686e850f5156bcc104f509e3"
  integrity sha512-/SKzYPU03o8aMrg6nUVjamRI4IECijztDwNoN+XNaqDdVablUbapO/iU2nQsFcEKDGG8CNpPkVmeL5JslVXZdg==
  dependencies:
    react-ssr-prepass "^1.5.0"

"@trpc/react@^10.0.0-proxy-beta.3":
  version "10.0.0-proxy-beta.3"
  resolved "https://registry.npmjs.org/@trpc/react/-/react-10.0.0-proxy-beta.3.tgz#5646e3fd81405eea2c78d378edcb5bf763b022b1"
  integrity sha512-a4PfN9U643ADLl0+8xpqPUJvwhFwuRlNoq03oE6NmMqbtKblra0JTQwswQrnRaU6wjHHET3dKLfApPSivH46bg==

"@trpc/server@^10.0.0-proxy-beta.3":
  version "10.0.0-proxy-beta.3"
  resolved "https://registry.npmjs.org/@trpc/server/-/server-10.0.0-proxy-beta.3.tgz#5cb8227f5992380b388917b28ffce33bf87886b2"
  integrity sha512-ikJ1a+PZy/0Zy4Ue+9jEhMRDlFYyZro5IjM2Cg8RZ/Dy86ojQX/5PnO24Rq3/7vTiSr7WEBNajzXZX3kcYyb+A==

"@types/node@^18.7.11":
  version "18.7.18"
  resolved "https://registry.npmjs.org/@types/node/-/node-18.7.18.tgz#633184f55c322e4fb08612307c274ee6d5ed3154"
  integrity sha512-m+6nTEOadJZuTPkKR/SYK3A2d7FZrgElol9UP1Kae90VVU4a6mxnPuLiIW1m4Cq4gZ/nWb9GrdVXJCoCazDAbg==

"@types/prop-types@*":
  version "15.7.5"
  resolved "https://registry.npmjs.org/@types/prop-types/-/prop-types-15.7.5.tgz#5f19d2b85a98e9558036f6a3cacc8819420f05cf"
  integrity sha512-JCB8C6SnDoQf0cNycqd/35A7MjcnK+ZTqE7judS6o7utxUCg6imJg3QK2qzHKszlTjcj2cn+NwMB2i96ubpj7w==

"@types/react-dom@^18.0.5":
  version "18.0.6"
  resolved "https://registry.npmjs.org/@types/react-dom/-/react-dom-18.0.6.tgz#36652900024842b74607a17786b6662dd1e103a1"
  integrity sha512-/5OFZgfIPSwy+YuIBP/FgJnQnsxhZhjjrnxudMddeblOouIodEQ75X14Rr4wGSG/bknL+Omy9iWlLo1u/9GzAA==
  dependencies:
    "@types/react" "*"

"@types/react@*", "@types/react@^18.0.9":
  version "18.0.21"
  resolved "https://registry.npmjs.org/@types/react/-/react-18.0.21.tgz#b8209e9626bb00a34c76f55482697edd2b43cc67"
  integrity sha512-7QUCOxvFgnD5Jk8ZKlUAhVcRj7GuJRjnjjiY/IUBWKgOlnvDvTMLD4RTF7NPyVmbRhNrbomZiOepg7M/2Kj1mA==
  dependencies:
    "@types/prop-types" "*"
    "@types/scheduler" "*"
    csstype "^3.0.2"

"@types/scheduler@*":
  version "0.16.2"
  resolved "https://registry.npmjs.org/@types/scheduler/-/scheduler-0.16.2.tgz#1a62f89525723dde24ba1b01b092bf5df8ad4d39"
  integrity sha512-hppQEBDmlwhFAXKJX2KnWLYu5yMfi91yazPb2l+lbJiwW+wdo1gNeRA+3RgNSO39WYX2euey41KEwnqesU2Jew==

csstype@^3.0.2:
  version "3.1.1"
  resolved "https://registry.npmjs.org/csstype/-/csstype-3.1.1.tgz#841b532c45c758ee546a11d5bd7b7b473c8c30b9"
  integrity sha512-DJR/VvkAvSZW9bTouZue2sSxDwdTN92uHjqeKVm+0dAqdfNykRzQ95tay8aXMBAAPpUiq4Qcug2L7neoRh2Egw==

react-ssr-prepass@^1.5.0:
  version "1.5.0"
  resolved "https://registry.npmjs.org/react-ssr-prepass/-/react-ssr-prepass-1.5.0.tgz#bc4ca7fcb52365e6aea11cc254a3d1bdcbd030c5"
  integrity sha512-yFNHrlVEReVYKsLI5lF05tZoHveA5pGzjFbFJY/3pOqqjGOmMmqx83N4hIjN2n6E1AOa+eQEUxs3CgRnPmT0RQ==

typescript@4.7.4:
  version "4.7.4"
  resolved "https://registry.npmjs.org/typescript/-/typescript-4.7.4.tgz#1a88596d1cf47d59507a1bcdfb5b9dfe4d488235"
  integrity sha512-C0WQT0gezHuw6AdY1M2jxUO83Rjf0HP7Sk1DtXj6j1EwkQNZrHAg2XPWlq62oqEhYvONq5pkC2Y9oPljWToLmQ==

use-sync-external-store@^1.2.0:
  version "1.2.0"
  resolved "https://registry.npmjs.org/use-sync-external-store/-/use-sync-external-store-1.2.0.tgz#7dbefd6ef3fe4e767a0cf5d7287aacfb5846928a"
  integrity sha512-eEgnFxGQ1Ife9bzYs6VLi8/4X6CObHMw9Qr9tPY43iKwsPw8xE8+EFsf/2cFZ5S3esXgpWgtSCtLNS41F+sKPA==

zod@^3.19.1:
  version "3.19.1"
  resolved "https://registry.npmjs.org/zod/-/zod-3.19.1.tgz#112f074a97b50bfc4772d4ad1576814bd8ac4473"
  integrity sha512-LYjZsEDhCdYET9ikFu6dVPGp2YH9DegXjdJToSzD9rO6fy4qiRYFoyEYwps88OseJlPyl2NOe2iJuhEhL7IpEA==
